
Microsoft Visual Studio Solution File, Format Version 12.00
# Visual Studio Version 17
VisualStudioVersion = 17.5.2.0
MinimumVisualStudioVersion = 10.0.40219.1
Project("{FAE04EC0-301F-11D3-BF4B-00C04F79EFBC}") = "WebApi", "WebApi.csproj", "{1963FF41-1B1B-D560-A22D-F9D3C981C941}"
EndProject
Project("{FAE04EC0-301F-11D3-BF4B-00C04F79EFBC}") = "WebApi.Services", "WebApi.Services\WebApi.Services.csproj", "{04F2B67D-B9D5-4D20-ABA7-33287583216A}"
EndProject
Project("{FAE04EC0-301F-11D3-BF4B-00C04F79EFBC}") = "WebApi.Infrastructure", "MyWebApi.Infrastructure\WebApi.Infrastructure.csproj", "{4A7E8030-E990-45D5-8AF8-20C23B7EFDF3}"
EndProject
Project("{FAE04EC0-301F-11D3-BF4B-00C04F79EFBC}") = "WebApi.DTOs", "WebApi.DTOs\WebApi.DTOs.csproj", "{91F489F9-8076-4089-B656-E8A1C561D3F2}"
EndProject
Project("{FAE04EC0-301F-11D3-BF4B-00C04F79EFBC}") = "WebApi.Domain", "WebApi.Domain\WebApi.Domain.csproj", "{A63442B5-D22C-4A5B-B563-588049E3D579}"
EndProject
Project("{FAE04EC0-301F-11D3-BF4B-00C04F79EFBC}") = "WebApi.Application", "WebApi.Application\WebApi.Application.csproj", "{8B9476FC-F085-47E8-850C-75B96E89EFFF}"
EndProject
Project("{FAE04EC0-301F-11D3-BF4B-00C04F79EFBC}") = "WebApi.Common", "WebApi.Common\WebApi.Common.csproj", "{0C113121-D9DF-4A88-A207-00B39A9E9573}"
EndProject
Project("{FAE04EC0-301F-11D3-BF4B-00C04F79EFBC}") = "WebApi.Tests", "WebApi.Tests\WebApi.Tests.csproj", "{14292EEB-D03D-4B26-ACE1-DE8F9D0AB45D}"
EndProject
Global
	GlobalSection(SolutionConfigurationPlatforms) = preSolution
		Debug|Any CPU = Debug|Any CPU
		Debug|x64 = Debug|x64
		Debug|x86 = Debug|x86
		Release|Any CPU = Release|Any CPU
		Release|x64 = Release|x64
		Release|x86 = Release|x86
	EndGlobalSection
	GlobalSection(ProjectConfigurationPlatforms) = postSolution
		{1963FF41-1B1B-D560-A22D-F9D3C981C941}.Debug|Any CPU.ActiveCfg = Debug|Any CPU
		{1963FF41-1B1B-D560-A22D-F9D3C981C941}.Debug|Any CPU.Build.0 = Debug|Any CPU
		{1963FF41-1B1B-D560-A22D-F9D3C981C941}.Debug|x64.ActiveCfg = Debug|Any CPU
		{1963FF41-1B1B-D560-A22D-F9D3C981C941}.Debug|x64.Build.0 = Debug|Any CPU
		{1963FF41-1B1B-D560-A22D-F9D3C981C941}.Debug|x86.ActiveCfg = Debug|Any CPU
		{1963FF41-1B1B-D560-A22D-F9D3C981C941}.Debug|x86.Build.0 = Debug|Any CPU
		{1963FF41-1B1B-D560-A22D-F9D3C981C941}.Release|Any CPU.ActiveCfg = Release|Any CPU
		{1963FF41-1B1B-D560-A22D-F9D3C981C941}.Release|Any CPU.Build.0 = Release|Any CPU
		{1963FF41-1B1B-D560-A22D-F9D3C981C941}.Release|x64.ActiveCfg = Release|Any CPU
		{1963FF41-1B1B-D560-A22D-F9D3C981C941}.Release|x64.Build.0 = Release|Any CPU
		{1963FF41-1B1B-D560-A22D-F9D3C981C941}.Release|x86.ActiveCfg = Release|Any CPU
		{1963FF41-1B1B-D560-A22D-F9D3C981C941}.Release|x86.Build.0 = Release|Any CPU
		{04F2B67D-B9D5-4D20-ABA7-33287583216A}.Debug|Any CPU.ActiveCfg = Debug|Any CPU
		{04F2B67D-B9D5-4D20-ABA7-33287583216A}.Debug|Any CPU.Build.0 = Debug|Any CPU
		{04F2B67D-B9D5-4D20-ABA7-33287583216A}.Debug|x64.ActiveCfg = Debug|Any CPU
		{04F2B67D-B9D5-4D20-ABA7-33287583216A}.Debug|x64.Build.0 = Debug|Any CPU
		{04F2B67D-B9D5-4D20-ABA7-33287583216A}.Debug|x86.ActiveCfg = Debug|Any CPU
		{04F2B67D-B9D5-4D20-ABA7-33287583216A}.Debug|x86.Build.0 = Debug|Any CPU
		{04F2B67D-B9D5-4D20-ABA7-33287583216A}.Release|Any CPU.ActiveCfg = Release|Any CPU
		{04F2B67D-B9D5-4D20-ABA7-33287583216A}.Release|Any CPU.Build.0 = Release|Any CPU
		{04F2B67D-B9D5-4D20-ABA7-33287583216A}.Release|x64.ActiveCfg = Release|Any CPU
		{04F2B67D-B9D5-4D20-ABA7-33287583216A}.Release|x64.Build.0 = Release|Any CPU
		{04F2B67D-B9D5-4D20-ABA7-33287583216A}.Release|x86.ActiveCfg = Release|Any CPU
		{04F2B67D-B9D5-4D20-ABA7-33287583216A}.Release|x86.Build.0 = Release|Any CPU
		{4A7E8030-E990-45D5-8AF8-20C23B7EFDF3}.Debug|Any CPU.ActiveCfg = Debug|Any CPU
		{4A7E8030-E990-45D5-8AF8-20C23B7EFDF3}.Debug|Any CPU.Build.0 = Debug|Any CPU
		{4A7E8030-E990-45D5-8AF8-20C23B7EFDF3}.Debug|x64.ActiveCfg = Debug|Any CPU
		{4A7E8030-E990-45D5-8AF8-20C23B7EFDF3}.Debug|x64.Build.0 = Debug|Any CPU
		{4A7E8030-E990-45D5-8AF8-20C23B7EFDF3}.Debug|x86.ActiveCfg = Debug|Any CPU
		{4A7E8030-E990-45D5-8AF8-20C23B7EFDF3}.Debug|x86.Build.0 = Debug|Any CPU
		{4A7E8030-E990-45D5-8AF8-20C23B7EFDF3}.Release|Any CPU.ActiveCfg = Release|Any CPU
		{4A7E8030-E990-45D5-8AF8-20C23B7EFDF3}.Release|Any CPU.Build.0 = Release|Any CPU
		{4A7E8030-E990-45D5-8AF8-20C23B7EFDF3}.Release|x64.ActiveCfg = Release|Any CPU
		{4A7E8030-E990-45D5-8AF8-20C23B7EFDF3}.Release|x64.Build.0 = Release|Any CPU
		{4A7E8030-E990-45D5-8AF8-20C23B7EFDF3}.Release|x86.ActiveCfg = Release|Any CPU
		{4A7E8030-E990-45D5-8AF8-20C23B7EFDF3}.Release|x86.Build.0 = Release|Any CPU
		{91F489F9-8076-4089-B656-E8A1C561D3F2}.Debug|Any CPU.ActiveCfg = Debug|Any CPU
		{91F489F9-8076-4089-B656-E8A1C561D3F2}.Debug|Any CPU.Build.0 = Debug|Any CPU
		{91F489F9-8076-4089-B656-E8A1C561D3F2}.Debug|x64.ActiveCfg = Debug|Any CPU
		{91F489F9-8076-4089-B656-E8A1C561D3F2}.Debug|x64.Build.0 = Debug|Any CPU
		{91F489F9-8076-4089-B656-E8A1C561D3F2}.Debug|x86.ActiveCfg = Debug|Any CPU
		{91F489F9-8076-4089-B656-E8A1C561D3F2}.Debug|x86.Build.0 = Debug|Any CPU
		{91F489F9-8076-4089-B656-E8A1C561D3F2}.Release|Any CPU.ActiveCfg = Release|Any CPU
		{91F489F9-8076-4089-B656-E8A1C561D3F2}.Release|Any CPU.Build.0 = Release|Any CPU
		{91F489F9-8076-4089-B656-E8A1C561D3F2}.Release|x64.ActiveCfg = Release|Any CPU
		{91F489F9-8076-4089-B656-E8A1C561D3F2}.Release|x64.Build.0 = Release|Any CPU
		{91F489F9-8076-4089-B656-E8A1C561D3F2}.Release|x86.ActiveCfg = Release|Any CPU
		{91F489F9-8076-4089-B656-E8A1C561D3F2}.Release|x86.Build.0 = Release|Any CPU
		{A63442B5-D22C-4A5B-B563-588049E3D579}.Debug|Any CPU.ActiveCfg = Debug|Any CPU
		{A63442B5-D22C-4A5B-B563-588049E3D579}.Debug|Any CPU.Build.0 = Debug|Any CPU
		{A63442B5-D22C-4A5B-B563-588049E3D579}.Debug|x64.ActiveCfg = Debug|Any CPU
		{A63442B5-D22C-4A5B-B563-588049E3D579}.Debug|x64.Build.0 = Debug|Any CPU
		{A63442B5-D22C-4A5B-B563-588049E3D579}.Debug|x86.ActiveCfg = Debug|Any CPU
		{A63442B5-D22C-4A5B-B563-588049E3D579}.Debug|x86.Build.0 = Debug|Any CPU
		{A63442B5-D22C-4A5B-B563-588049E3D579}.Release|Any CPU.ActiveCfg = Release|Any CPU
		{A63442B5-D22C-4A5B-B563-588049E3D579}.Release|Any CPU.Build.0 = Release|Any CPU
		{A63442B5-D22C-4A5B-B563-588049E3D579}.Release|x64.ActiveCfg = Release|Any CPU
		{A63442B5-D22C-4A5B-B563-588049E3D579}.Release|x64.Build.0 = Release|Any CPU
		{A63442B5-D22C-4A5B-B563-588049E3D579}.Release|x86.ActiveCfg = Release|Any CPU
		{A63442B5-D22C-4A5B-B563-588049E3D579}.Release|x86.Build.0 = Release|Any CPU
		{8B9476FC-F085-47E8-850C-75B96E89EFFF}.Debug|Any CPU.ActiveCfg = Debug|Any CPU
		{8B9476FC-F085-47E8-850C-75B96E89EFFF}.Debug|Any CPU.Build.0 = Debug|Any CPU
		{8B9476FC-F085-47E8-850C-75B96E89EFFF}.Debug|x64.ActiveCfg = Debug|Any CPU
		{8B9476FC-F085-47E8-850C-75B96E89EFFF}.Debug|x64.Build.0 = Debug|Any CPU
		{8B9476FC-F085-47E8-850C-75B96E89EFFF}.Debug|x86.ActiveCfg = Debug|Any CPU
		{8B9476FC-F085-47E8-850C-75B96E89EFFF}.Debug|x86.Build.0 = Debug|Any CPU
		{8B9476FC-F085-47E8-850C-75B96E89EFFF}.Release|Any CPU.ActiveCfg = Release|Any CPU
		{8B9476FC-F085-47E8-850C-75B96E89EFFF}.Release|Any CPU.Build.0 = Release|Any CPU
		{8B9476FC-F085-47E8-850C-75B96E89EFFF}.Release|x64.ActiveCfg = Release|Any CPU
		{8B9476FC-F085-47E8-850C-75B96E89EFFF}.Release|x64.Build.0 = Release|Any CPU
		{8B9476FC-F085-47E8-850C-75B96E89EFFF}.Release|x86.ActiveCfg = Release|Any CPU
		{8B9476FC-F085-47E8-850C-75B96E89EFFF}.Release|x86.Build.0 = Release|Any CPU
		{0C113121-D9DF-4A88-A207-00B39A9E9573}.Debug|Any CPU.ActiveCfg = Debug|Any CPU
		{0C113121-D9DF-4A88-A207-00B39A9E9573}.Debug|Any CPU.Build.0 = Debug|Any CPU
		{0C113121-D9DF-4A88-A207-00B39A9E9573}.Debug|x64.ActiveCfg = Debug|Any CPU
		{0C113121-D9DF-4A88-A207-00B39A9E9573}.Debug|x64.Build.0 = Debug|Any CPU
		{0C113121-D9DF-4A88-A207-00B39A9E9573}.Debug|x86.ActiveCfg = Debug|Any CPU
		{0C113121-D9DF-4A88-A207-00B39A9E9573}.Debug|x86.Build.0 = Debug|Any CPU
		{0C113121-D9DF-4A88-A207-00B39A9E9573}.Release|Any CPU.ActiveCfg = Release|Any CPU
		{0C113121-D9DF-4A88-A207-00B39A9E9573}.Release|Any CPU.Build.0 = Release|Any CPU
		{0C113121-D9DF-4A88-A207-00B39A9E9573}.Release|x64.ActiveCfg = Release|Any CPU
		{0C113121-D9DF-4A88-A207-00B39A9E9573}.Release|x64.Build.0 = Release|Any CPU
		{0C113121-D9DF-4A88-A207-00B39A9E9573}.Release|x86.ActiveCfg = Release|Any CPU
		{0C113121-D9DF-4A88-A207-00B39A9E9573}.Release|x86.Build.0 = Release|Any CPU
		{14292EEB-D03D-4B26-ACE1-DE8F9D0AB45D}.Debug|Any CPU.ActiveCfg = Debug|Any CPU
		{14292EEB-D03D-4B26-ACE1-DE8F9D0AB45D}.Debug|Any CPU.Build.0 = Debug|Any CPU
		{14292EEB-D03D-4B26-ACE1-DE8F9D0AB45D}.Debug|x64.ActiveCfg = Debug|Any CPU
		{14292EEB-D03D-4B26-ACE1-DE8F9D0AB45D}.Debug|x64.Build.0 = Debug|Any CPU
		{14292EEB-D03D-4B26-ACE1-DE8F9D0AB45D}.Debug|x86.ActiveCfg = Debug|Any CPU
		{14292EEB-D03D-4B26-ACE1-DE8F9D0AB45D}.Debug|x86.Build.0 = Debug|Any CPU
		{14292EEB-D03D-4B26-ACE1-DE8F9D0AB45D}.Release|Any CPU.ActiveCfg = Release|Any CPU
		{14292EEB-D03D-4B26-ACE1-DE8F9D0AB45D}.Release|Any CPU.Build.0 = Release|Any CPU
		{14292EEB-D03D-4B26-ACE1-DE8F9D0AB45D}.Release|x64.ActiveCfg = Release|Any CPU
		{14292EEB-D03D-4B26-ACE1-DE8F9D0AB45D}.Release|x64.Build.0 = Release|Any CPU
		{14292EEB-D03D-4B26-ACE1-DE8F9D0AB45D}.Release|x86.ActiveCfg = Release|Any CPU
		{14292EEB-D03D-4B26-ACE1-DE8F9D0AB45D}.Release|x86.Build.0 = Release|Any CPU
	EndGlobalSection
	GlobalSection(SolutionProperties) = preSolution
		HideSolutionNode = FALSE
	EndGlobalSection
	GlobalSection(ExtensibilityGlobals) = postSolution
		SolutionGuid = {BC4D05B1-D812-4DC9-B6D3-C040C60E87E5}
	EndGlobalSection
EndGlobal
